
Microsoft Visual Studio Solution File, Format Version 12.00
# Visual Studio Version 17
VisualStudioVersion = 17.7.34221.43
MinimumVisualStudioVersion = 10.0.40219.1
Project("{FAE04EC0-301F-11D3-BF4B-00C04F79EFBC}") = "API", "API\API.csproj", "{3D1E93BF-BB68-4F33-88A6-27745210CFDA}"
EndProject
Project("{FAE04EC0-301F-11D3-BF4B-00C04F79EFBC}") = "Application", "Application\Application.csproj", "{F7076C99-6909-4579-9EB1-EDEBF035C843}"
EndProject
Project("{FAE04EC0-301F-11D3-BF4B-00C04F79EFBC}") = "Domain", "Domain\Domain.csproj", "{7D8EBBDE-B25D-4A69-914D-8933539FCB8A}"
EndProject
Project("{FAE04EC0-301F-11D3-BF4B-00C04F79EFBC}") = "Persistence", "Persistence\Persistence.csproj", "{5C8BBEC7-1113-48D5-922C-0CC05DC43F73}"
EndProject
Global
	GlobalSection(SolutionConfigurationPlatforms) = preSolution
		Debug|Any CPU = Debug|Any CPU
		Release|Any CPU = Release|Any CPU
	EndGlobalSection
	GlobalSection(ProjectConfigurationPlatforms) = postSolution
		{3D1E93BF-BB68-4F33-88A6-27745210CFDA}.Debug|Any CPU.ActiveCfg = Debug|Any CPU
		{3D1E93BF-BB68-4F33-88A6-27745210CFDA}.Debug|Any CPU.Build.0 = Debug|Any CPU
		{3D1E93BF-BB68-4F33-88A6-27745210CFDA}.Release|Any CPU.ActiveCfg = Release|Any CPU
		{3D1E93BF-BB68-4F33-88A6-27745210CFDA}.Release|Any CPU.Build.0 = Release|Any CPU
		{F7076C99-6909-4579-9EB1-EDEBF035C843}.Debug|Any CPU.ActiveCfg = Debug|Any CPU
		{F7076C99-6909-4579-9EB1-EDEBF035C843}.Debug|Any CPU.Build.0 = Debug|Any CPU
		{F7076C99-6909-4579-9EB1-EDEBF035C843}.Release|Any CPU.ActiveCfg = Release|Any CPU
		{F7076C99-6909-4579-9EB1-EDEBF035C843}.Release|Any CPU.Build.0 = Release|Any CPU
		{7D8EBBDE-B25D-4A69-914D-8933539FCB8A}.Debug|Any CPU.ActiveCfg = Debug|Any CPU
		{7D8EBBDE-B25D-4A69-914D-8933539FCB8A}.Debug|Any CPU.Build.0 = Debug|Any CPU
		{7D8EBBDE-B25D-4A69-914D-8933539FCB8A}.Release|Any CPU.ActiveCfg = Release|Any CPU
		{7D8EBBDE-B25D-4A69-914D-8933539FCB8A}.Release|Any CPU.Build.0 = Release|Any CPU
		{5C8BBEC7-1113-48D5-922C-0CC05DC43F73}.Debug|Any CPU.ActiveCfg = Debug|Any CPU
		{5C8BBEC7-1113-48D5-922C-0CC05DC43F73}.Debug|Any CPU.Build.0 = Debug|Any CPU
		{5C8BBEC7-1113-48D5-922C-0CC05DC43F73}.Release|Any CPU.ActiveCfg = Release|Any CPU
		{5C8BBEC7-1113-48D5-922C-0CC05DC43F73}.Release|Any CPU.Build.0 = Release|Any CPU
	EndGlobalSection
	GlobalSection(SolutionProperties) = preSolution
		HideSolutionNode = FALSE
	EndGlobalSection
	GlobalSection(ExtensibilityGlobals) = postSolution
		SolutionGuid = {DE2237D9-ECCB-4CF7-9816-79DD2A3CCC4E}
	EndGlobalSection
EndGlobal
